
Microsoft Visual Studio Solution File, Format Version 12.00
# Visual Studio Version 17
VisualStudioVersion = 17.4.33213.308
MinimumVisualStudioVersion = 10.0.40219.1
Project("{FAE04EC0-301F-11D3-BF4B-00C04F79EFBC}") = "ServerWebHook", "ServerWebHook\ServerWebHook.csproj", "{4AC6DEA6-8224-47F1-B02C-3327A7DA9244}"
EndProject
Global
	GlobalSection(SolutionConfigurationPlatforms) = preSolution
		Debug|Any CPU = Debug|Any CPU
		Release|Any CPU = Release|Any CPU
	EndGlobalSection
	GlobalSection(ProjectConfigurationPlatforms) = postSolution
		{4AC6DEA6-8224-47F1-B02C-3327A7DA9244}.Debug|Any CPU.ActiveCfg = Debug|Any CPU
		{4AC6DEA6-8224-47F1-B02C-3327A7DA9244}.Debug|Any CPU.Build.0 = Debug|Any CPU
		{4AC6DEA6-8224-47F1-B02C-3327A7DA9244}.Release|Any CPU.ActiveCfg = Release|Any CPU
		{4AC6DEA6-8224-47F1-B02C-3327A7DA9244}.Release|Any CPU.Build.0 = Release|Any CPU
	EndGlobalSection
	GlobalSection(SolutionProperties) = preSolution
		HideSolutionNode = FALSE
	EndGlobalSection
	GlobalSection(ExtensibilityGlobals) = postSolution
		SolutionGuid = {173E4E97-B551-4948-9161-E49C9B754BAC}
	EndGlobalSection
EndGlobal
